// !$*UTF8*$!
{
	archiveVersion = 1;
	classes = {
	};
	objectVersion = 56;
	objects = {

/* Begin PBXBuildFile section */
		080B7BBE2B64539700B70948 /* Raleway-VariableFont_wght.ttf in Resources */ = {isa = PBXBuildFile; fileRef = 080B7BBC2B64539700B70948 /* Raleway-VariableFont_wght.ttf */; };
		080B7BBF2B64539700B70948 /* coolvetica-rg.ttf in Resources */ = {isa = PBXBuildFile; fileRef = 080B7BBD2B64539700B70948 /* coolvetica-rg.ttf */; };
		080B7BC12B6453D000B70948 /* HomeView.swift in Sources */ = {isa = PBXBuildFile; fileRef = 080B7BC02B6453D000B70948 /* HomeView.swift */; };
		080B7BC42B6453DF00B70948 /* HomeHeaderView.swift in Sources */ = {isa = PBXBuildFile; fileRef = 080B7BC32B6453DF00B70948 /* HomeHeaderView.swift */; };
		080F131E2B63176D0011C72D /* Wp_StatisticsApp.swift in Sources */ = {isa = PBXBuildFile; fileRef = 080F131D2B63176D0011C72D /* Wp_StatisticsApp.swift */; };
		080F13202B63176D0011C72D /* MainView.swift in Sources */ = {isa = PBXBuildFile; fileRef = 080F131F2B63176D0011C72D /* MainView.swift */; };
		080F13222B63176F0011C72D /* Assets.xcassets in Resources */ = {isa = PBXBuildFile; fileRef = 080F13212B63176F0011C72D /* Assets.xcassets */; };
		080F13252B63176F0011C72D /* Preview Assets.xcassets in Resources */ = {isa = PBXBuildFile; fileRef = 080F13242B63176F0011C72D /* Preview Assets.xcassets */; };
		080F13392B6318630011C72D /* SideMenuOptionModel.swift in Sources */ = {isa = PBXBuildFile; fileRef = 080F13382B6318630011C72D /* SideMenuOptionModel.swift */; };
		080F133B2B6318850011C72D /* SideMenuSections.swift in Sources */ = {isa = PBXBuildFile; fileRef = 080F133A2B6318850011C72D /* SideMenuSections.swift */; };
		080F133D2B6318990011C72D /* SideMenuHeaderView.swift in Sources */ = {isa = PBXBuildFile; fileRef = 080F133C2B6318990011C72D /* SideMenuHeaderView.swift */; };
		080F13402B6318B50011C72D /* SideMenuRowView.swift in Sources */ = {isa = PBXBuildFile; fileRef = 080F133F2B6318B50011C72D /* SideMenuRowView.swift */; };
		080F13422B6318D00011C72D /* SideMenuSectionView.swift in Sources */ = {isa = PBXBuildFile; fileRef = 080F13412B6318D00011C72D /* SideMenuSectionView.swift */; };
		080F13442B6318E50011C72D /* SideMenuFooterView.swift in Sources */ = {isa = PBXBuildFile; fileRef = 080F13432B6318E50011C72D /* SideMenuFooterView.swift */; };
		080F13462B6318FD0011C72D /* SideMenuView.swift in Sources */ = {isa = PBXBuildFile; fileRef = 080F13452B6318FD0011C72D /* SideMenuView.swift */; };
		080F13482B631A8B0011C72D /* SplashView.swift in Sources */ = {isa = PBXBuildFile; fileRef = 080F13472B631A8B0011C72D /* SplashView.swift */; };
		080F134B2B6320E20011C72D /* LoaderView.swift in Sources */ = {isa = PBXBuildFile; fileRef = 080F134A2B6320E20011C72D /* LoaderView.swift */; };
		08572C1F2B68B7F200CBD555 /* SummaryModel.swift in Sources */ = {isa = PBXBuildFile; fileRef = 08572C1E2B68B7F200CBD555 /* SummaryModel.swift */; };
		087198C82B6DA6C300016BDC /* SearchEnginesView.swift in Sources */ = {isa = PBXBuildFile; fileRef = 087198C72B6DA6C300016BDC /* SearchEnginesView.swift */; };
		087198CA2B6E23E700016BDC /* SearchEnginesModel.swift in Sources */ = {isa = PBXBuildFile; fileRef = 087198C92B6E23E700016BDC /* SearchEnginesModel.swift */; };
		087309C82B683BDF002F8D73 /* VisitorCellModel.swift in Sources */ = {isa = PBXBuildFile; fileRef = 087309C72B683BDF002F8D73 /* VisitorCellModel.swift */; };
		087309CC2B6850A1002F8D73 /* SummaryView.swift in Sources */ = {isa = PBXBuildFile; fileRef = 087309CB2B6850A1002F8D73 /* SummaryView.swift */; };
		08ACADEB2B65980900C4FF27 /* AddNewWebsiteView.swift in Sources */ = {isa = PBXBuildFile; fileRef = 08ACADEA2B65980900C4FF27 /* AddNewWebsiteView.swift */; };
		08ACADF02B65D90B00C4FF27 /* VisitorsView.swift in Sources */ = {isa = PBXBuildFile; fileRef = 08ACADEF2B65D90B00C4FF27 /* VisitorsView.swift */; };
		08ACADF42B65F3AB00C4FF27 /* Color.swift in Sources */ = {isa = PBXBuildFile; fileRef = 08ACADF32B65F3AB00C4FF27 /* Color.swift */; };
		08ACADF62B65F41700C4FF27 /* Constant.swift in Sources */ = {isa = PBXBuildFile; fileRef = 08ACADF52B65F41700C4FF27 /* Constant.swift */; };
		08ACAE202B65F89700C4FF27 /* SideMenuHeaderView.swift in Sources */ = {isa = PBXBuildFile; fileRef = 080F133C2B6318990011C72D /* SideMenuHeaderView.swift */; };
		08ACAE212B65F89700C4FF27 /* Constant.swift in Sources */ = {isa = PBXBuildFile; fileRef = 08ACADF52B65F41700C4FF27 /* Constant.swift */; };
		08ACAE222B65F89700C4FF27 /* SideMenuSectionView.swift in Sources */ = {isa = PBXBuildFile; fileRef = 080F13412B6318D00011C72D /* SideMenuSectionView.swift */; };
		08ACAE232B65F89700C4FF27 /* HomeHeaderView.swift in Sources */ = {isa = PBXBuildFile; fileRef = 080B7BC32B6453DF00B70948 /* HomeHeaderView.swift */; };
		08ACAE242B65F89700C4FF27 /* MainView.swift in Sources */ = {isa = PBXBuildFile; fileRef = 080F131F2B63176D0011C72D /* MainView.swift */; };
		08ACAE252B65F89700C4FF27 /* Wp_StatisticsApp.swift in Sources */ = {isa = PBXBuildFile; fileRef = 080F131D2B63176D0011C72D /* Wp_StatisticsApp.swift */; };
		08ACAE262B65F89700C4FF27 /* Color.swift in Sources */ = {isa = PBXBuildFile; fileRef = 08ACADF32B65F3AB00C4FF27 /* Color.swift */; };
		08ACAE272B65F89700C4FF27 /* SideMenuOptionModel.swift in Sources */ = {isa = PBXBuildFile; fileRef = 080F13382B6318630011C72D /* SideMenuOptionModel.swift */; };
		08ACAE282B65F89700C4FF27 /* SideMenuSections.swift in Sources */ = {isa = PBXBuildFile; fileRef = 080F133A2B6318850011C72D /* SideMenuSections.swift */; };
		08ACAE292B65F89700C4FF27 /* VisitorsView.swift in Sources */ = {isa = PBXBuildFile; fileRef = 08ACADEF2B65D90B00C4FF27 /* VisitorsView.swift */; };
		08ACAE2A2B65F89700C4FF27 /* AddNewWebsiteView.swift in Sources */ = {isa = PBXBuildFile; fileRef = 08ACADEA2B65980900C4FF27 /* AddNewWebsiteView.swift */; };
		08ACAE2B2B65F89700C4FF27 /* SideMenuView.swift in Sources */ = {isa = PBXBuildFile; fileRef = 080F13452B6318FD0011C72D /* SideMenuView.swift */; };
		08ACAE2C2B65F89700C4FF27 /* SplashView.swift in Sources */ = {isa = PBXBuildFile; fileRef = 080F13472B631A8B0011C72D /* SplashView.swift */; };
		08ACAE2D2B65F89700C4FF27 /* SideMenuRowView.swift in Sources */ = {isa = PBXBuildFile; fileRef = 080F133F2B6318B50011C72D /* SideMenuRowView.swift */; };
		08ACAE2E2B65F89700C4FF27 /* HomeView.swift in Sources */ = {isa = PBXBuildFile; fileRef = 080B7BC02B6453D000B70948 /* HomeView.swift */; };
		08ACAE2F2B65F89700C4FF27 /* SideMenuFooterView.swift in Sources */ = {isa = PBXBuildFile; fileRef = 080F13432B6318E50011C72D /* SideMenuFooterView.swift */; };
		08ACAE302B65F89700C4FF27 /* LoaderView.swift in Sources */ = {isa = PBXBuildFile; fileRef = 080F134A2B6320E20011C72D /* LoaderView.swift */; };
		08ACAE332B65F89700C4FF27 /* coolvetica-rg.ttf in Resources */ = {isa = PBXBuildFile; fileRef = 080B7BBD2B64539700B70948 /* coolvetica-rg.ttf */; };
		08ACAE342B65F89700C4FF27 /* Preview Assets.xcassets in Resources */ = {isa = PBXBuildFile; fileRef = 080F13242B63176F0011C72D /* Preview Assets.xcassets */; };
		08ACAE352B65F89700C4FF27 /* Raleway-VariableFont_wght.ttf in Resources */ = {isa = PBXBuildFile; fileRef = 080B7BBC2B64539700B70948 /* Raleway-VariableFont_wght.ttf */; };
		08ACAE362B65F89700C4FF27 /* Assets.xcassets in Resources */ = {isa = PBXBuildFile; fileRef = 080F13212B63176F0011C72D /* Assets.xcassets */; };
		08ACAE3E2B66911800C4FF27 /* Font.swift in Sources */ = {isa = PBXBuildFile; fileRef = 08ACAE3D2B66911800C4FF27 /* Font.swift */; };
		3009C39D2B76E14E0005256F /* CustomNavigationLink.swift in Sources */ = {isa = PBXBuildFile; fileRef = 3009C3972B76E14E0005256F /* CustomNavigationLink.swift */; };
		3009C39E2B76E14E0005256F /* CustomNavigationLink.swift in Sources */ = {isa = PBXBuildFile; fileRef = 3009C3972B76E14E0005256F /* CustomNavigationLink.swift */; };
		3009C39F2B76E14E0005256F /* AppNavBarView.swift in Sources */ = {isa = PBXBuildFile; fileRef = 3009C3982B76E14E0005256F /* AppNavBarView.swift */; };
		3009C3A02B76E14E0005256F /* AppNavBarView.swift in Sources */ = {isa = PBXBuildFile; fileRef = 3009C3982B76E14E0005256F /* AppNavBarView.swift */; };
		3009C3A12B76E14E0005256F /* CustomNavigationView.swift in Sources */ = {isa = PBXBuildFile; fileRef = 3009C3992B76E14E0005256F /* CustomNavigationView.swift */; };
		3009C3A22B76E14E0005256F /* CustomNavigationView.swift in Sources */ = {isa = PBXBuildFile; fileRef = 3009C3992B76E14E0005256F /* CustomNavigationView.swift */; };
		3009C3A32B76E14E0005256F /* CustomNavigationBarContainerView.swift in Sources */ = {isa = PBXBuildFile; fileRef = 3009C39A2B76E14E0005256F /* CustomNavigationBarContainerView.swift */; };
		3009C3A42B76E14E0005256F /* CustomNavigationBarContainerView.swift in Sources */ = {isa = PBXBuildFile; fileRef = 3009C39A2B76E14E0005256F /* CustomNavigationBarContainerView.swift */; };
		3009C3A52B76E14E0005256F /* CustomNavigationBar.swift in Sources */ = {isa = PBXBuildFile; fileRef = 3009C39B2B76E14E0005256F /* CustomNavigationBar.swift */; };
		3009C3A62B76E14E0005256F /* CustomNavigationBar.swift in Sources */ = {isa = PBXBuildFile; fileRef = 3009C39B2B76E14E0005256F /* CustomNavigationBar.swift */; };
		3009C3A72B76E14E0005256F /* CustomNavBarPreferenceKeys.swift in Sources */ = {isa = PBXBuildFile; fileRef = 3009C39C2B76E14E0005256F /* CustomNavBarPreferenceKeys.swift */; };
		3009C3A82B76E14E0005256F /* CustomNavBarPreferenceKeys.swift in Sources */ = {isa = PBXBuildFile; fileRef = 3009C39C2B76E14E0005256F /* CustomNavBarPreferenceKeys.swift */; };
		30DAF1892B6AFB8100A407FB /* ChartView.swift in Sources */ = {isa = PBXBuildFile; fileRef = 30DAF1882B6AFB8100A407FB /* ChartView.swift */; };
		30DAF18A2B6AFB8100A407FB /* ChartView.swift in Sources */ = {isa = PBXBuildFile; fileRef = 30DAF1882B6AFB8100A407FB /* ChartView.swift */; };
		30DAF18C2B6AFC4900A407FB /* ChartInfo.swift in Sources */ = {isa = PBXBuildFile; fileRef = 30DAF18B2B6AFC4900A407FB /* ChartInfo.swift */; };
		30DAF18D2B6AFC4900A407FB /* ChartInfo.swift in Sources */ = {isa = PBXBuildFile; fileRef = 30DAF18B2B6AFC4900A407FB /* ChartInfo.swift */; };
		30DAF1922B6AFDFA00A407FB /* ChartModel.swift in Sources */ = {isa = PBXBuildFile; fileRef = 30DAF1912B6AFDFA00A407FB /* ChartModel.swift */; };
		30DAF1932B6AFDFA00A407FB /* ChartModel.swift in Sources */ = {isa = PBXBuildFile; fileRef = 30DAF1912B6AFDFA00A407FB /* ChartModel.swift */; };
		30DAF1952B6DA73900A407FB /* PieChart.swift in Sources */ = {isa = PBXBuildFile; fileRef = 30DAF1942B6DA73900A407FB /* PieChart.swift */; };
		30DAF1962B6DA73900A407FB /* PieChart.swift in Sources */ = {isa = PBXBuildFile; fileRef = 30DAF1942B6DA73900A407FB /* PieChart.swift */; };
/* End PBXBuildFile section */

/* Begin PBXCopyFilesBuildPhase section */
		08ACAE1D2B65F82A00C4FF27 /* Embed Foundation Extensions */ = {
			isa = PBXCopyFilesBuildPhase;
			buildActionMask = 2147483647;
			dstPath = "";
			dstSubfolderSpec = 13;
			files = (
			);
			name = "Embed Foundation Extensions";
			runOnlyForDeploymentPostprocessing = 0;
		};
		08ACAE372B65F89700C4FF27 /* Embed Foundation Extensions */ = {
			isa = PBXCopyFilesBuildPhase;
			buildActionMask = 2147483647;
			dstPath = "";
			dstSubfolderSpec = 13;
			files = (
			);
			name = "Embed Foundation Extensions";
			runOnlyForDeploymentPostprocessing = 0;
		};
/* End PBXCopyFilesBuildPhase section */

/* Begin PBXFileReference section */
		080B7BBC2B64539700B70948 /* Raleway-VariableFont_wght.ttf */ = {isa = PBXFileReference; lastKnownFileType = file; path = "Raleway-VariableFont_wght.ttf"; sourceTree = "<group>"; };
		080B7BBD2B64539700B70948 /* coolvetica-rg.ttf */ = {isa = PBXFileReference; lastKnownFileType = file; path = "coolvetica-rg.ttf"; sourceTree = "<group>"; };
		080B7BC02B6453D000B70948 /* HomeView.swift */ = {isa = PBXFileReference; fileEncoding = 4; lastKnownFileType = sourcecode.swift; path = HomeView.swift; sourceTree = "<group>"; };
		080B7BC32B6453DF00B70948 /* HomeHeaderView.swift */ = {isa = PBXFileReference; fileEncoding = 4; lastKnownFileType = sourcecode.swift; path = HomeHeaderView.swift; sourceTree = "<group>"; };
		080F131A2B63176D0011C72D /* Wp-Statistics.app */ = {isa = PBXFileReference; explicitFileType = wrapper.application; includeInIndex = 0; path = "Wp-Statistics.app"; sourceTree = BUILT_PRODUCTS_DIR; };
		080F131D2B63176D0011C72D /* Wp_StatisticsApp.swift */ = {isa = PBXFileReference; lastKnownFileType = sourcecode.swift; path = Wp_StatisticsApp.swift; sourceTree = "<group>"; };
		080F131F2B63176D0011C72D /* MainView.swift */ = {isa = PBXFileReference; lastKnownFileType = sourcecode.swift; path = MainView.swift; sourceTree = "<group>"; };
		080F13212B63176F0011C72D /* Assets.xcassets */ = {isa = PBXFileReference; lastKnownFileType = folder.assetcatalog; path = Assets.xcassets; sourceTree = "<group>"; };
		080F13242B63176F0011C72D /* Preview Assets.xcassets */ = {isa = PBXFileReference; lastKnownFileType = folder.assetcatalog; path = "Preview Assets.xcassets"; sourceTree = "<group>"; };
		080F13382B6318630011C72D /* SideMenuOptionModel.swift */ = {isa = PBXFileReference; lastKnownFileType = sourcecode.swift; path = SideMenuOptionModel.swift; sourceTree = "<group>"; };
		080F133A2B6318850011C72D /* SideMenuSections.swift */ = {isa = PBXFileReference; lastKnownFileType = sourcecode.swift; path = SideMenuSections.swift; sourceTree = "<group>"; };
		080F133C2B6318990011C72D /* SideMenuHeaderView.swift */ = {isa = PBXFileReference; lastKnownFileType = sourcecode.swift; path = SideMenuHeaderView.swift; sourceTree = "<group>"; };
		080F133F2B6318B50011C72D /* SideMenuRowView.swift */ = {isa = PBXFileReference; lastKnownFileType = sourcecode.swift; path = SideMenuRowView.swift; sourceTree = "<group>"; };
		080F13412B6318D00011C72D /* SideMenuSectionView.swift */ = {isa = PBXFileReference; lastKnownFileType = sourcecode.swift; path = SideMenuSectionView.swift; sourceTree = "<group>"; };
		080F13432B6318E50011C72D /* SideMenuFooterView.swift */ = {isa = PBXFileReference; lastKnownFileType = sourcecode.swift; path = SideMenuFooterView.swift; sourceTree = "<group>"; };
		080F13452B6318FD0011C72D /* SideMenuView.swift */ = {isa = PBXFileReference; lastKnownFileType = sourcecode.swift; path = SideMenuView.swift; sourceTree = "<group>"; };
		080F13472B631A8B0011C72D /* SplashView.swift */ = {isa = PBXFileReference; lastKnownFileType = sourcecode.swift; path = SplashView.swift; sourceTree = "<group>"; };
		080F13492B631F6B0011C72D /* Info.plist */ = {isa = PBXFileReference; lastKnownFileType = text.plist; path = Info.plist; sourceTree = "<group>"; };
		080F134A2B6320E20011C72D /* LoaderView.swift */ = {isa = PBXFileReference; lastKnownFileType = sourcecode.swift; path = LoaderView.swift; sourceTree = "<group>"; };
		08572C1E2B68B7F200CBD555 /* SummaryModel.swift */ = {isa = PBXFileReference; lastKnownFileType = sourcecode.swift; path = SummaryModel.swift; sourceTree = "<group>"; };
		087198C72B6DA6C300016BDC /* SearchEnginesView.swift */ = {isa = PBXFileReference; lastKnownFileType = sourcecode.swift; path = SearchEnginesView.swift; sourceTree = "<group>"; };
		087198C92B6E23E700016BDC /* SearchEnginesModel.swift */ = {isa = PBXFileReference; lastKnownFileType = sourcecode.swift; path = SearchEnginesModel.swift; sourceTree = "<group>"; };
		087309C72B683BDF002F8D73 /* VisitorCellModel.swift */ = {isa = PBXFileReference; lastKnownFileType = sourcecode.swift; path = VisitorCellModel.swift; sourceTree = "<group>"; };
		087309CB2B6850A1002F8D73 /* SummaryView.swift */ = {isa = PBXFileReference; lastKnownFileType = sourcecode.swift; path = SummaryView.swift; sourceTree = "<group>"; };
		08ACADEA2B65980900C4FF27 /* AddNewWebsiteView.swift */ = {isa = PBXFileReference; lastKnownFileType = sourcecode.swift; path = AddNewWebsiteView.swift; sourceTree = "<group>"; };
		08ACADEF2B65D90B00C4FF27 /* VisitorsView.swift */ = {isa = PBXFileReference; lastKnownFileType = sourcecode.swift; path = VisitorsView.swift; sourceTree = "<group>"; };
		08ACADF32B65F3AB00C4FF27 /* Color.swift */ = {isa = PBXFileReference; fileEncoding = 4; lastKnownFileType = sourcecode.swift; path = Color.swift; sourceTree = "<group>"; };
		08ACADF52B65F41700C4FF27 /* Constant.swift */ = {isa = PBXFileReference; lastKnownFileType = sourcecode.swift; path = Constant.swift; sourceTree = "<group>"; };
		08ACADFD2B65F82900C4FF27 /* Intents.framework */ = {isa = PBXFileReference; lastKnownFileType = wrapper.framework; name = Intents.framework; path = System/Library/Frameworks/Intents.framework; sourceTree = SDKROOT; };
		08ACAE082B65F82A00C4FF27 /* IntentsUI.framework */ = {isa = PBXFileReference; lastKnownFileType = wrapper.framework; name = IntentsUI.framework; path = System/Library/Frameworks/IntentsUI.framework; sourceTree = SDKROOT; };
		08ACAE3B2B65F89700C4FF27 /* Wp-Statistics-Dev.app */ = {isa = PBXFileReference; explicitFileType = wrapper.application; includeInIndex = 0; path = "Wp-Statistics-Dev.app"; sourceTree = BUILT_PRODUCTS_DIR; };
		08ACAE3C2B65F89700C4FF27 /* Wp-Statistics copy-Info.plist */ = {isa = PBXFileReference; lastKnownFileType = text.plist.xml; name = "Wp-Statistics copy-Info.plist"; path = "/Users/kambiz/Documents/IOS-Project/Wp-Statistics/application-ios/Wp-Statistics/Wp-Statistics copy-Info.plist"; sourceTree = "<absolute>"; };
		08ACAE3D2B66911800C4FF27 /* Font.swift */ = {isa = PBXFileReference; lastKnownFileType = sourcecode.swift; path = Font.swift; sourceTree = "<group>"; };
		3009C3972B76E14E0005256F /* CustomNavigationLink.swift */ = {isa = PBXFileReference; fileEncoding = 4; lastKnownFileType = sourcecode.swift; path = CustomNavigationLink.swift; sourceTree = "<group>"; };
		3009C3982B76E14E0005256F /* AppNavBarView.swift */ = {isa = PBXFileReference; fileEncoding = 4; lastKnownFileType = sourcecode.swift; path = AppNavBarView.swift; sourceTree = "<group>"; };
		3009C3992B76E14E0005256F /* CustomNavigationView.swift */ = {isa = PBXFileReference; fileEncoding = 4; lastKnownFileType = sourcecode.swift; path = CustomNavigationView.swift; sourceTree = "<group>"; };
		3009C39A2B76E14E0005256F /* CustomNavigationBarContainerView.swift */ = {isa = PBXFileReference; fileEncoding = 4; lastKnownFileType = sourcecode.swift; path = CustomNavigationBarContainerView.swift; sourceTree = "<group>"; };
		3009C39B2B76E14E0005256F /* CustomNavigationBar.swift */ = {isa = PBXFileReference; fileEncoding = 4; lastKnownFileType = sourcecode.swift; path = CustomNavigationBar.swift; sourceTree = "<group>"; };
		3009C39C2B76E14E0005256F /* CustomNavBarPreferenceKeys.swift */ = {isa = PBXFileReference; fileEncoding = 4; lastKnownFileType = sourcecode.swift; path = CustomNavBarPreferenceKeys.swift; sourceTree = "<group>"; };
		30DAF1882B6AFB8100A407FB /* ChartView.swift */ = {isa = PBXFileReference; lastKnownFileType = sourcecode.swift; path = ChartView.swift; sourceTree = "<group>"; };
		30DAF18B2B6AFC4900A407FB /* ChartInfo.swift */ = {isa = PBXFileReference; lastKnownFileType = sourcecode.swift; path = ChartInfo.swift; sourceTree = "<group>"; };
		30DAF1912B6AFDFA00A407FB /* ChartModel.swift */ = {isa = PBXFileReference; lastKnownFileType = sourcecode.swift; path = ChartModel.swift; sourceTree = "<group>"; };
		30DAF1942B6DA73900A407FB /* PieChart.swift */ = {isa = PBXFileReference; lastKnownFileType = sourcecode.swift; path = PieChart.swift; sourceTree = "<group>"; };
/* End PBXFileReference section */

/* Begin PBXFrameworksBuildPhase section */
		080F13172B63176D0011C72D /* Frameworks */ = {
			isa = PBXFrameworksBuildPhase;
			buildActionMask = 2147483647;
			files = (
			);
			runOnlyForDeploymentPostprocessing = 0;
		};
		08ACAE312B65F89700C4FF27 /* Frameworks */ = {
			isa = PBXFrameworksBuildPhase;
			buildActionMask = 2147483647;
			files = (
			);
			runOnlyForDeploymentPostprocessing = 0;
		};
/* End PBXFrameworksBuildPhase section */

/* Begin PBXGroup section */
		080B7BBB2B64538B00B70948 /* Font */ = {
			isa = PBXGroup;
			children = (
				080B7BBD2B64539700B70948 /* coolvetica-rg.ttf */,
				080B7BBC2B64539700B70948 /* Raleway-VariableFont_wght.ttf */,
			);
			path = Font;
			sourceTree = "<group>";
		};
		080B7BC22B6453D500B70948 /* Components */ = {
			isa = PBXGroup;
			children = (
				080B7BC32B6453DF00B70948 /* HomeHeaderView.swift */,
			);
			path = Components;
			sourceTree = "<group>";
		};
		080F13112B63176D0011C72D = {
			isa = PBXGroup;
			children = (
				080F131C2B63176D0011C72D /* Wp-Statistics */,
				08ACADFC2B65F82900C4FF27 /* Frameworks */,
				080F131B2B63176D0011C72D /* Products */,
				08ACAE3C2B65F89700C4FF27 /* Wp-Statistics copy-Info.plist */,
			);
			sourceTree = "<group>";
		};
		080F131B2B63176D0011C72D /* Products */ = {
			isa = PBXGroup;
			children = (
				080F131A2B63176D0011C72D /* Wp-Statistics.app */,
				08ACAE3B2B65F89700C4FF27 /* Wp-Statistics-Dev.app */,
			);
			name = Products;
			sourceTree = "<group>";
		};
		080F131C2B63176D0011C72D /* Wp-Statistics */ = {
			isa = PBXGroup;
			children = (
				08ACADF22B65F38800C4FF27 /* Extensions */,
				080F13492B631F6B0011C72D /* Info.plist */,
				080B7BBB2B64538B00B70948 /* Font */,
				080F132B2B6317870011C72D /* App */,
				080F132C2B6317950011C72D /* Core */,
				080F131F2B63176D0011C72D /* MainView.swift */,
				080F13212B63176F0011C72D /* Assets.xcassets */,
				080F13232B63176F0011C72D /* Preview Content */,
			);
			path = "Wp-Statistics";
			sourceTree = "<group>";
		};
		080F13232B63176F0011C72D /* Preview Content */ = {
			isa = PBXGroup;
			children = (
				080F13242B63176F0011C72D /* Preview Assets.xcassets */,
			);
			path = "Preview Content";
			sourceTree = "<group>";
		};
		080F132B2B6317870011C72D /* App */ = {
			isa = PBXGroup;
			children = (
				08ACADF12B65E2E900C4FF27 /* Root */,
				080F134A2B6320E20011C72D /* LoaderView.swift */,
			);
			path = App;
			sourceTree = "<group>";
		};
		080F132C2B6317950011C72D /* Core */ = {
			isa = PBXGroup;
			children = (
				087198C42B6DA4A200016BDC /* SearchEngines */,
				087309C92B685092002F8D73 /* Summary */,
				08ACADEC2B65D8D000C4FF27 /* Visitors */,
				08ACADE92B6597E200C4FF27 /* AddNewWebsite */,
				080F132F2B6317C60011C72D /* SideMenu */,
				080F132E2B6317A40011C72D /* Home */,
				080F132D2B6317A00011C72D /* Splash */,
			);
			path = Core;
			sourceTree = "<group>";
		};
		080F132D2B6317A00011C72D /* Splash */ = {
			isa = PBXGroup;
			children = (
				080F13472B631A8B0011C72D /* SplashView.swift */,
			);
			path = Splash;
			sourceTree = "<group>";
		};
		080F132E2B6317A40011C72D /* Home */ = {
			isa = PBXGroup;
			children = (
				080B7BC22B6453D500B70948 /* Components */,
				080B7BC02B6453D000B70948 /* HomeView.swift */,
			);
			path = Home;
			sourceTree = "<group>";
		};
		080F132F2B6317C60011C72D /* SideMenu */ = {
			isa = PBXGroup;
			children = (
				080F13342B6318320011C72D /* Model */,
				080F13352B6318350011C72D /* View */,
			);
			path = SideMenu;
			sourceTree = "<group>";
		};
		080F13342B6318320011C72D /* Model */ = {
			isa = PBXGroup;
			children = (
				080F13382B6318630011C72D /* SideMenuOptionModel.swift */,
				080F133A2B6318850011C72D /* SideMenuSections.swift */,
			);
			path = Model;
			sourceTree = "<group>";
		};
		080F13352B6318350011C72D /* View */ = {
			isa = PBXGroup;
			children = (
				080F13362B6318430011C72D /* Components */,
				080F13372B63184B0011C72D /* Main */,
			);
			path = View;
			sourceTree = "<group>";
		};
		080F13362B6318430011C72D /* Components */ = {
			isa = PBXGroup;
			children = (
				080F133C2B6318990011C72D /* SideMenuHeaderView.swift */,
				080F133F2B6318B50011C72D /* SideMenuRowView.swift */,
				080F13412B6318D00011C72D /* SideMenuSectionView.swift */,
				080F13432B6318E50011C72D /* SideMenuFooterView.swift */,
			);
			path = Components;
			sourceTree = "<group>";
		};
		080F13372B63184B0011C72D /* Main */ = {
			isa = PBXGroup;
			children = (
				080F13452B6318FD0011C72D /* SideMenuView.swift */,
			);
			path = Main;
			sourceTree = "<group>";
		};
		08572C1D2B68B7DD00CBD555 /* Model */ = {
			isa = PBXGroup;
			children = (
				08572C1E2B68B7F200CBD555 /* SummaryModel.swift */,
				30DAF1912B6AFDFA00A407FB /* ChartModel.swift */,
			);
			path = Model;
			sourceTree = "<group>";
		};
		087198C42B6DA4A200016BDC /* SearchEngines */ = {
			isa = PBXGroup;
			children = (
				3009C3962B76E14E0005256F /* CustomNavigationBar */,
				087198C62B6DA6B400016BDC /* Model */,
				087198C52B6DA6B200016BDC /* View */,
			);
			path = SearchEngines;
			sourceTree = "<group>";
		};
		087198C52B6DA6B200016BDC /* View */ = {
			isa = PBXGroup;
			children = (
				087198C72B6DA6C300016BDC /* SearchEnginesView.swift */,
			);
			path = View;
			sourceTree = "<group>";
		};
		087198C62B6DA6B400016BDC /* Model */ = {
			isa = PBXGroup;
			children = (
				087198C92B6E23E700016BDC /* SearchEnginesModel.swift */,
			);
			path = Model;
			sourceTree = "<group>";
		};
		087309C62B683BD2002F8D73 /* Model */ = {
			isa = PBXGroup;
			children = (
				087309C72B683BDF002F8D73 /* VisitorCellModel.swift */,
			);
			path = Model;
			sourceTree = "<group>";
		};
		087309C92B685092002F8D73 /* Summary */ = {
			isa = PBXGroup;
			children = (
				08572C1D2B68B7DD00CBD555 /* Model */,
				087309CA2B685095002F8D73 /* View */,
			);
			path = Summary;
			sourceTree = "<group>";
		};
		087309CA2B685095002F8D73 /* View */ = {
			isa = PBXGroup;
			children = (
				30DAF1872B6AFB4600A407FB /* Chart */,
				087309CB2B6850A1002F8D73 /* SummaryView.swift */,
			);
			path = View;
			sourceTree = "<group>";
		};
		08ACADE92B6597E200C4FF27 /* AddNewWebsite */ = {
			isa = PBXGroup;
			children = (
				08ACADED2B65D8EB00C4FF27 /* View */,
			);
			path = AddNewWebsite;
			sourceTree = "<group>";
		};
		08ACADEC2B65D8D000C4FF27 /* Visitors */ = {
			isa = PBXGroup;
			children = (
				087309C62B683BD2002F8D73 /* Model */,
				08ACADEE2B65D8F600C4FF27 /* View */,
			);
			path = Visitors;
			sourceTree = "<group>";
		};
		08ACADED2B65D8EB00C4FF27 /* View */ = {
			isa = PBXGroup;
			children = (
				08ACADEA2B65980900C4FF27 /* AddNewWebsiteView.swift */,
			);
			path = View;
			sourceTree = "<group>";
		};
		08ACADEE2B65D8F600C4FF27 /* View */ = {
			isa = PBXGroup;
			children = (
				08ACADEF2B65D90B00C4FF27 /* VisitorsView.swift */,
			);
			path = View;
			sourceTree = "<group>";
		};
		08ACADF12B65E2E900C4FF27 /* Root */ = {
			isa = PBXGroup;
			children = (
				080F131D2B63176D0011C72D /* Wp_StatisticsApp.swift */,
			);
			path = Root;
			sourceTree = "<group>";
		};
		08ACADF22B65F38800C4FF27 /* Extensions */ = {
			isa = PBXGroup;
			children = (
				08ACADF32B65F3AB00C4FF27 /* Color.swift */,
				08ACADF52B65F41700C4FF27 /* Constant.swift */,
				08ACAE3D2B66911800C4FF27 /* Font.swift */,
			);
			path = Extensions;
			sourceTree = "<group>";
		};
		08ACADFC2B65F82900C4FF27 /* Frameworks */ = {
			isa = PBXGroup;
			children = (
				08ACADFD2B65F82900C4FF27 /* Intents.framework */,
				08ACAE082B65F82A00C4FF27 /* IntentsUI.framework */,
			);
			name = Frameworks;
			sourceTree = "<group>";
		};
		3009C3962B76E14E0005256F /* CustomNavigationBar */ = {
			isa = PBXGroup;
			children = (
				3009C3972B76E14E0005256F /* CustomNavigationLink.swift */,
				3009C3982B76E14E0005256F /* AppNavBarView.swift */,
				3009C3992B76E14E0005256F /* CustomNavigationView.swift */,
				3009C39A2B76E14E0005256F /* CustomNavigationBarContainerView.swift */,
				3009C39B2B76E14E0005256F /* CustomNavigationBar.swift */,
				3009C39C2B76E14E0005256F /* CustomNavBarPreferenceKeys.swift */,
			);
			path = CustomNavigationBar;
			sourceTree = "<group>";
		};
		30DAF1872B6AFB4600A407FB /* Chart */ = {
			isa = PBXGroup;
			children = (
				30DAF1882B6AFB8100A407FB /* ChartView.swift */,
				30DAF18B2B6AFC4900A407FB /* ChartInfo.swift */,
				30DAF1942B6DA73900A407FB /* PieChart.swift */,
			);
			path = Chart;
			sourceTree = "<group>";
		};
/* End PBXGroup section */

/* Begin PBXNativeTarget section */
		080F13192B63176D0011C72D /* Wp-Statistics */ = {
			isa = PBXNativeTarget;
			buildConfigurationList = 080F13282B63176F0011C72D /* Build configuration list for PBXNativeTarget "Wp-Statistics" */;
			buildPhases = (
				080F13162B63176D0011C72D /* Sources */,
				080F13172B63176D0011C72D /* Frameworks */,
				080F13182B63176D0011C72D /* Resources */,
				08ACAE1D2B65F82A00C4FF27 /* Embed Foundation Extensions */,
			);
			buildRules = (
			);
			dependencies = (
			);
			name = "Wp-Statistics";
			productName = "Wp-Statistics";
			productReference = 080F131A2B63176D0011C72D /* Wp-Statistics.app */;
			productType = "com.apple.product-type.application";
		};
		08ACAE1E2B65F89700C4FF27 /* Wp-Statistics-Dev */ = {
			isa = PBXNativeTarget;
			buildConfigurationList = 08ACAE382B65F89700C4FF27 /* Build configuration list for PBXNativeTarget "Wp-Statistics-Dev" */;
			buildPhases = (
				08ACAE1F2B65F89700C4FF27 /* Sources */,
				08ACAE312B65F89700C4FF27 /* Frameworks */,
				08ACAE322B65F89700C4FF27 /* Resources */,
				08ACAE372B65F89700C4FF27 /* Embed Foundation Extensions */,
			);
			buildRules = (
			);
			dependencies = (
			);
			name = "Wp-Statistics-Dev";
			productName = "Wp-Statistics";
			productReference = 08ACAE3B2B65F89700C4FF27 /* Wp-Statistics-Dev.app */;
			productType = "com.apple.product-type.application";
		};
/* End PBXNativeTarget section */

/* Begin PBXProject section */
		080F13122B63176D0011C72D /* Project object */ = {
			isa = PBXProject;
			attributes = {
				BuildIndependentTargetsInParallel = 1;
				LastSwiftUpdateCheck = 1520;
				LastUpgradeCheck = 1520;
				TargetAttributes = {
					080F13192B63176D0011C72D = {
						CreatedOnToolsVersion = 15.2;
					};
				};
			};
			buildConfigurationList = 080F13152B63176D0011C72D /* Build configuration list for PBXProject "Wp-Statistics" */;
			compatibilityVersion = "Xcode 14.0";
			developmentRegion = en;
			hasScannedForEncodings = 0;
			knownRegions = (
				en,
				Base,
			);
			mainGroup = 080F13112B63176D0011C72D;
			productRefGroup = 080F131B2B63176D0011C72D /* Products */;
			projectDirPath = "";
			projectRoot = "";
			targets = (
				080F13192B63176D0011C72D /* Wp-Statistics */,
				08ACAE1E2B65F89700C4FF27 /* Wp-Statistics-Dev */,
			);
		};
/* End PBXProject section */

/* Begin PBXResourcesBuildPhase section */
		080F13182B63176D0011C72D /* Resources */ = {
			isa = PBXResourcesBuildPhase;
			buildActionMask = 2147483647;
			files = (
				080B7BBF2B64539700B70948 /* coolvetica-rg.ttf in Resources */,
				080F13252B63176F0011C72D /* Preview Assets.xcassets in Resources */,
				080B7BBE2B64539700B70948 /* Raleway-VariableFont_wght.ttf in Resources */,
				080F13222B63176F0011C72D /* Assets.xcassets in Resources */,
			);
			runOnlyForDeploymentPostprocessing = 0;
		};
		08ACAE322B65F89700C4FF27 /* Resources */ = {
			isa = PBXResourcesBuildPhase;
			buildActionMask = 2147483647;
			files = (
				08ACAE332B65F89700C4FF27 /* coolvetica-rg.ttf in Resources */,
				08ACAE342B65F89700C4FF27 /* Preview Assets.xcassets in Resources */,
				08ACAE352B65F89700C4FF27 /* Raleway-VariableFont_wght.ttf in Resources */,
				08ACAE362B65F89700C4FF27 /* Assets.xcassets in Resources */,
			);
			runOnlyForDeploymentPostprocessing = 0;
		};
/* End PBXResourcesBuildPhase section */

/* Begin PBXSourcesBuildPhase section */
		080F13162B63176D0011C72D /* Sources */ = {
			isa = PBXSourcesBuildPhase;
			buildActionMask = 2147483647;
			files = (
				080F133D2B6318990011C72D /* SideMenuHeaderView.swift in Sources */,
				087198C82B6DA6C300016BDC /* SearchEnginesView.swift in Sources */,
				08ACADF62B65F41700C4FF27 /* Constant.swift in Sources */,
				080F13422B6318D00011C72D /* SideMenuSectionView.swift in Sources */,
				080B7BC42B6453DF00B70948 /* HomeHeaderView.swift in Sources */,
				080F13202B63176D0011C72D /* MainView.swift in Sources */,
				080F131E2B63176D0011C72D /* Wp_StatisticsApp.swift in Sources */,
				08ACADF42B65F3AB00C4FF27 /* Color.swift in Sources */,
				3009C39F2B76E14E0005256F /* AppNavBarView.swift in Sources */,
				30DAF1892B6AFB8100A407FB /* ChartView.swift in Sources */,
				080F13392B6318630011C72D /* SideMenuOptionModel.swift in Sources */,
				3009C39D2B76E14E0005256F /* CustomNavigationLink.swift in Sources */,
				30DAF1952B6DA73900A407FB /* PieChart.swift in Sources */,
				30DAF18C2B6AFC4900A407FB /* ChartInfo.swift in Sources */,
				080F133B2B6318850011C72D /* SideMenuSections.swift in Sources */,
				08ACADF02B65D90B00C4FF27 /* VisitorsView.swift in Sources */,
				087309C82B683BDF002F8D73 /* VisitorCellModel.swift in Sources */,
				08ACADEB2B65980900C4FF27 /* AddNewWebsiteView.swift in Sources */,
				080F13462B6318FD0011C72D /* SideMenuView.swift in Sources */,
				080F13482B631A8B0011C72D /* SplashView.swift in Sources */,
				3009C3A52B76E14E0005256F /* CustomNavigationBar.swift in Sources */,
				080F13402B6318B50011C72D /* SideMenuRowView.swift in Sources */,
				08ACAE3E2B66911800C4FF27 /* Font.swift in Sources */,
				3009C3A72B76E14E0005256F /* CustomNavBarPreferenceKeys.swift in Sources */,
				3009C3A32B76E14E0005256F /* CustomNavigationBarContainerView.swift in Sources */,
				080B7BC12B6453D000B70948 /* HomeView.swift in Sources */,
				08572C1F2B68B7F200CBD555 /* SummaryModel.swift in Sources */,
				087309CC2B6850A1002F8D73 /* SummaryView.swift in Sources */,
				080F13442B6318E50011C72D /* SideMenuFooterView.swift in Sources */,
				087198CA2B6E23E700016BDC /* SearchEnginesModel.swift in Sources */,
				3009C3A12B76E14E0005256F /* CustomNavigationView.swift in Sources */,
				30DAF1922B6AFDFA00A407FB /* ChartModel.swift in Sources */,
				080F134B2B6320E20011C72D /* LoaderView.swift in Sources */,
			);
			runOnlyForDeploymentPostprocessing = 0;
		};
		08ACAE1F2B65F89700C4FF27 /* Sources */ = {
			isa = PBXSourcesBuildPhase;
			buildActionMask = 2147483647;
			files = (
				08ACAE202B65F89700C4FF27 /* SideMenuHeaderView.swift in Sources */,
				30DAF18D2B6AFC4900A407FB /* ChartInfo.swift in Sources */,
				08ACAE212B65F89700C4FF27 /* Constant.swift in Sources */,
				3009C3A22B76E14E0005256F /* CustomNavigationView.swift in Sources */,
				30DAF1962B6DA73900A407FB /* PieChart.swift in Sources */,
				08ACAE222B65F89700C4FF27 /* SideMenuSectionView.swift in Sources */,
				08ACAE232B65F89700C4FF27 /* HomeHeaderView.swift in Sources */,
				08ACAE242B65F89700C4FF27 /* MainView.swift in Sources */,
				30DAF18A2B6AFB8100A407FB /* ChartView.swift in Sources */,
				08ACAE252B65F89700C4FF27 /* Wp_StatisticsApp.swift in Sources */,
				08ACAE262B65F89700C4FF27 /* Color.swift in Sources */,
				08ACAE272B65F89700C4FF27 /* SideMenuOptionModel.swift in Sources */,
				08ACAE282B65F89700C4FF27 /* SideMenuSections.swift in Sources */,
				3009C3A42B76E14E0005256F /* CustomNavigationBarContainerView.swift in Sources */,
				3009C3A82B76E14E0005256F /* CustomNavBarPreferenceKeys.swift in Sources */,
				08ACAE292B65F89700C4FF27 /* VisitorsView.swift in Sources */,
				08ACAE2A2B65F89700C4FF27 /* AddNewWebsiteView.swift in Sources */,
				08ACAE2B2B65F89700C4FF27 /* SideMenuView.swift in Sources */,
				30DAF1932B6AFDFA00A407FB /* ChartModel.swift in Sources */,
				3009C3A62B76E14E0005256F /* CustomNavigationBar.swift in Sources */,
				3009C3A02B76E14E0005256F /* AppNavBarView.swift in Sources */,
				3009C39E2B76E14E0005256F /* CustomNavigationLink.swift in Sources */,
				08ACAE2C2B65F89700C4FF27 /* SplashView.swift in Sources */,
				08ACAE2D2B65F89700C4FF27 /* SideMenuRowView.swift in Sources */,
				08ACAE2E2B65F89700C4FF27 /* HomeView.swift in Sources */,
				08ACAE2F2B65F89700C4FF27 /* SideMenuFooterView.swift in Sources */,
				08ACAE302B65F89700C4FF27 /* LoaderView.swift in Sources */,
			);
			runOnlyForDeploymentPostprocessing = 0;
		};
/* End PBXSourcesBuildPhase section */

/* Begin XCBuildConfiguration section */
		080F13262B63176F0011C72D /* Debug */ = {
			isa = XCBuildConfiguration;
			buildSettings = {
				ALWAYS_SEARCH_USER_PATHS = NO;
				ASSETCATALOG_COMPILER_GENERATE_SWIFT_ASSET_SYMBOL_EXTENSIONS = YES;
				CLANG_ANALYZER_NONNULL = YES;
				CLANG_ANALYZER_NUMBER_OBJECT_CONVERSION = YES_AGGRESSIVE;
				CLANG_CXX_LANGUAGE_STANDARD = "gnu++20";
				CLANG_ENABLE_MODULES = YES;
				CLANG_ENABLE_OBJC_ARC = YES;
				CLANG_ENABLE_OBJC_WEAK = YES;
				CLANG_WARN_BLOCK_CAPTURE_AUTORELEASING = YES;
				CLANG_WARN_BOOL_CONVERSION = YES;
				CLANG_WARN_COMMA = YES;
				CLANG_WARN_CONSTANT_CONVERSION = YES;
				CLANG_WARN_DEPRECATED_OBJC_IMPLEMENTATIONS = YES;
				CLANG_WARN_DIRECT_OBJC_ISA_USAGE = YES_ERROR;
				CLANG_WARN_DOCUMENTATION_COMMENTS = YES;
				CLANG_WARN_EMPTY_BODY = YES;
				CLANG_WARN_ENUM_CONVERSION = YES;
				CLANG_WARN_INFINITE_RECURSION = YES;
				CLANG_WARN_INT_CONVERSION = YES;
				CLANG_WARN_NON_LITERAL_NULL_CONVERSION = YES;
				CLANG_WARN_OBJC_IMPLICIT_RETAIN_SELF = YES;
				CLANG_WARN_OBJC_LITERAL_CONVERSION = YES;
				CLANG_WARN_OBJC_ROOT_CLASS = YES_ERROR;
				CLANG_WARN_QUOTED_INCLUDE_IN_FRAMEWORK_HEADER = YES;
				CLANG_WARN_RANGE_LOOP_ANALYSIS = YES;
				CLANG_WARN_STRICT_PROTOTYPES = YES;
				CLANG_WARN_SUSPICIOUS_MOVE = YES;
				CLANG_WARN_UNGUARDED_AVAILABILITY = YES_AGGRESSIVE;
				CLANG_WARN_UNREACHABLE_CODE = YES;
				CLANG_WARN__DUPLICATE_METHOD_MATCH = YES;
				COPY_PHASE_STRIP = NO;
				DEBUG_INFORMATION_FORMAT = dwarf;
				ENABLE_STRICT_OBJC_MSGSEND = YES;
				ENABLE_TESTABILITY = YES;
				ENABLE_USER_SCRIPT_SANDBOXING = YES;
				GCC_C_LANGUAGE_STANDARD = gnu17;
				GCC_DYNAMIC_NO_PIC = NO;
				GCC_NO_COMMON_BLOCKS = YES;
				GCC_OPTIMIZATION_LEVEL = 0;
				GCC_PREPROCESSOR_DEFINITIONS = (
					"DEBUG=1",
					"$(inherited)",
				);
				GCC_WARN_64_TO_32_BIT_CONVERSION = YES;
				GCC_WARN_ABOUT_RETURN_TYPE = YES_ERROR;
				GCC_WARN_UNDECLARED_SELECTOR = YES;
				GCC_WARN_UNINITIALIZED_AUTOS = YES_AGGRESSIVE;
				GCC_WARN_UNUSED_FUNCTION = YES;
				GCC_WARN_UNUSED_VARIABLE = YES;
				IPHONEOS_DEPLOYMENT_TARGET = 16.0;
				LOCALIZATION_PREFERS_STRING_CATALOGS = YES;
				MTL_ENABLE_DEBUG_INFO = INCLUDE_SOURCE;
				MTL_FAST_MATH = YES;
				ONLY_ACTIVE_ARCH = YES;
				SDKROOT = iphoneos;
				SWIFT_ACTIVE_COMPILATION_CONDITIONS = "DEBUG $(inherited)";
				SWIFT_OPTIMIZATION_LEVEL = "-Onone";
			};
			name = Debug;
		};
		080F13272B63176F0011C72D /* Release */ = {
			isa = XCBuildConfiguration;
			buildSettings = {
				ALWAYS_SEARCH_USER_PATHS = NO;
				ASSETCATALOG_COMPILER_GENERATE_SWIFT_ASSET_SYMBOL_EXTENSIONS = YES;
				CLANG_ANALYZER_NONNULL = YES;
				CLANG_ANALYZER_NUMBER_OBJECT_CONVERSION = YES_AGGRESSIVE;
				CLANG_CXX_LANGUAGE_STANDARD = "gnu++20";
				CLANG_ENABLE_MODULES = YES;
				CLANG_ENABLE_OBJC_ARC = YES;
				CLANG_ENABLE_OBJC_WEAK = YES;
				CLANG_WARN_BLOCK_CAPTURE_AUTORELEASING = YES;
				CLANG_WARN_BOOL_CONVERSION = YES;
				CLANG_WARN_COMMA = YES;
				CLANG_WARN_CONSTANT_CONVERSION = YES;
				CLANG_WARN_DEPRECATED_OBJC_IMPLEMENTATIONS = YES;
				CLANG_WARN_DIRECT_OBJC_ISA_USAGE = YES_ERROR;
				CLANG_WARN_DOCUMENTATION_COMMENTS = YES;
				CLANG_WARN_EMPTY_BODY = YES;
				CLANG_WARN_ENUM_CONVERSION = YES;
				CLANG_WARN_INFINITE_RECURSION = YES;
				CLANG_WARN_INT_CONVERSION = YES;
				CLANG_WARN_NON_LITERAL_NULL_CONVERSION = YES;
				CLANG_WARN_OBJC_IMPLICIT_RETAIN_SELF = YES;
				CLANG_WARN_OBJC_LITERAL_CONVERSION = YES;
				CLANG_WARN_OBJC_ROOT_CLASS = YES_ERROR;
				CLANG_WARN_QUOTED_INCLUDE_IN_FRAMEWORK_HEADER = YES;
				CLANG_WARN_RANGE_LOOP_ANALYSIS = YES;
				CLANG_WARN_STRICT_PROTOTYPES = YES;
				CLANG_WARN_SUSPICIOUS_MOVE = YES;
				CLANG_WARN_UNGUARDED_AVAILABILITY = YES_AGGRESSIVE;
				CLANG_WARN_UNREACHABLE_CODE = YES;
				CLANG_WARN__DUPLICATE_METHOD_MATCH = YES;
				COPY_PHASE_STRIP = NO;
				DEBUG_INFORMATION_FORMAT = "dwarf-with-dsym";
				ENABLE_NS_ASSERTIONS = NO;
				ENABLE_STRICT_OBJC_MSGSEND = YES;
				ENABLE_USER_SCRIPT_SANDBOXING = YES;
				GCC_C_LANGUAGE_STANDARD = gnu17;
				GCC_NO_COMMON_BLOCKS = YES;
				GCC_WARN_64_TO_32_BIT_CONVERSION = YES;
				GCC_WARN_ABOUT_RETURN_TYPE = YES_ERROR;
				GCC_WARN_UNDECLARED_SELECTOR = YES;
				GCC_WARN_UNINITIALIZED_AUTOS = YES_AGGRESSIVE;
				GCC_WARN_UNUSED_FUNCTION = YES;
				GCC_WARN_UNUSED_VARIABLE = YES;
				IPHONEOS_DEPLOYMENT_TARGET = 16.0;
				LOCALIZATION_PREFERS_STRING_CATALOGS = YES;
				MTL_ENABLE_DEBUG_INFO = NO;
				MTL_FAST_MATH = YES;
				SDKROOT = iphoneos;
				SWIFT_COMPILATION_MODE = wholemodule;
				VALIDATE_PRODUCT = YES;
			};
			name = Release;
		};
		080F13292B63176F0011C72D /* Debug */ = {
			isa = XCBuildConfiguration;
			buildSettings = {
				ALWAYS_EMBED_SWIFT_STANDARD_LIBRARIES = YES;
				ASSETCATALOG_COMPILER_APPICON_NAME = AppIcon;
				ASSETCATALOG_COMPILER_GLOBAL_ACCENT_COLOR_NAME = AccentColor;
				CODE_SIGN_STYLE = Automatic;
				CURRENT_PROJECT_VERSION = 1;
				DEVELOPMENT_ASSET_PATHS = "\"Wp-Statistics/Preview Content\"";
				DEVELOPMENT_TEAM = RDNPK2Q663;
				ENABLE_PREVIEWS = YES;
				GENERATE_INFOPLIST_FILE = YES;
				INFOPLIST_FILE = "Wp-Statistics/Info.plist";
				INFOPLIST_KEY_LSApplicationCategoryType = "";
				INFOPLIST_KEY_UIApplicationSceneManifest_Generation = YES;
				INFOPLIST_KEY_UIApplicationSupportsIndirectInputEvents = YES;
				INFOPLIST_KEY_UISupportedInterfaceOrientations = UIInterfaceOrientationPortrait;
				INFOPLIST_KEY_UISupportedInterfaceOrientations_iPad = "UIInterfaceOrientationLandscapeLeft UIInterfaceOrientationLandscapeRight UIInterfaceOrientationPortrait UIInterfaceOrientationPortraitUpsideDown";
				IPHONEOS_DEPLOYMENT_TARGET = 16.0;
				LD_RUNPATH_SEARCH_PATHS = (
					"$(inherited)",
					"@executable_path/Frameworks",
				);
				MARKETING_VERSION = 1.0;
				PRODUCT_BUNDLE_IDENTIFIER = "me.kambiz.Wp-Statistics";
				PRODUCT_NAME = "$(TARGET_NAME)";
				SWIFT_EMIT_LOC_STRINGS = YES;
				SWIFT_VERSION = 5.0;
				TARGETED_DEVICE_FAMILY = "1,2";
			};
			name = Debug;
		};
		080F132A2B63176F0011C72D /* Release */ = {
			isa = XCBuildConfiguration;
			buildSettings = {
				ALWAYS_EMBED_SWIFT_STANDARD_LIBRARIES = YES;
				ASSETCATALOG_COMPILER_APPICON_NAME = AppIcon;
				ASSETCATALOG_COMPILER_GLOBAL_ACCENT_COLOR_NAME = AccentColor;
				CODE_SIGN_STYLE = Automatic;
				CURRENT_PROJECT_VERSION = 1;
				DEVELOPMENT_ASSET_PATHS = "\"Wp-Statistics/Preview Content\"";
				DEVELOPMENT_TEAM = RDNPK2Q663;
				ENABLE_PREVIEWS = YES;
				GENERATE_INFOPLIST_FILE = YES;
				INFOPLIST_FILE = "Wp-Statistics/Info.plist";
				INFOPLIST_KEY_LSApplicationCategoryType = "";
				INFOPLIST_KEY_UIApplicationSceneManifest_Generation = YES;
				INFOPLIST_KEY_UIApplicationSupportsIndirectInputEvents = YES;
				INFOPLIST_KEY_UISupportedInterfaceOrientations = UIInterfaceOrientationPortrait;
				INFOPLIST_KEY_UISupportedInterfaceOrientations_iPad = "UIInterfaceOrientationLandscapeLeft UIInterfaceOrientationLandscapeRight UIInterfaceOrientationPortrait UIInterfaceOrientationPortraitUpsideDown";
				IPHONEOS_DEPLOYMENT_TARGET = 16.0;
				LD_RUNPATH_SEARCH_PATHS = (
					"$(inherited)",
					"@executable_path/Frameworks",
				);
				MARKETING_VERSION = 1.0;
				PRODUCT_BUNDLE_IDENTIFIER = "me.kambiz.Wp-Statistics";
				PRODUCT_NAME = "$(TARGET_NAME)";
				SWIFT_EMIT_LOC_STRINGS = YES;
				SWIFT_VERSION = 5.0;
				TARGETED_DEVICE_FAMILY = "1,2";
			};
			name = Release;
		};
		08ACAE392B65F89700C4FF27 /* Debug */ = {
			isa = XCBuildConfiguration;
			buildSettings = {
				ALWAYS_EMBED_SWIFT_STANDARD_LIBRARIES = YES;
				ASSETCATALOG_COMPILER_APPICON_NAME = AppIcon;
				ASSETCATALOG_COMPILER_GLOBAL_ACCENT_COLOR_NAME = AccentColor;
				CODE_SIGN_STYLE = Automatic;
				CURRENT_PROJECT_VERSION = 1;
				DEVELOPMENT_ASSET_PATHS = "\"Wp-Statistics/Preview Content\"";
				DEVELOPMENT_TEAM = RDNPK2Q663;
				ENABLE_PREVIEWS = YES;
				GENERATE_INFOPLIST_FILE = YES;
				INFOPLIST_FILE = "Wp-Statistics copy-Info.plist";
				INFOPLIST_KEY_LSApplicationCategoryType = "";
				INFOPLIST_KEY_UIApplicationSceneManifest_Generation = YES;
				INFOPLIST_KEY_UIApplicationSupportsIndirectInputEvents = YES;
				INFOPLIST_KEY_UISupportedInterfaceOrientations = UIInterfaceOrientationPortrait;
				INFOPLIST_KEY_UISupportedInterfaceOrientations_iPad = "UIInterfaceOrientationLandscapeLeft UIInterfaceOrientationLandscapeRight UIInterfaceOrientationPortrait UIInterfaceOrientationPortraitUpsideDown";
				IPHONEOS_DEPLOYMENT_TARGET = 16.0;
				LD_RUNPATH_SEARCH_PATHS = (
					"$(inherited)",
					"@executable_path/Frameworks",
				);
				MARKETING_VERSION = 1.0;
				PRODUCT_BUNDLE_IDENTIFIER = "me.kambiz.Wp-Statistics";
				PRODUCT_NAME = "$(TARGET_NAME)";
				SWIFT_EMIT_LOC_STRINGS = YES;
				SWIFT_VERSION = 5.0;
				TARGETED_DEVICE_FAMILY = "1,2";
			};
			name = Debug;
		};
		08ACAE3A2B65F89700C4FF27 /* Release */ = {
			isa = XCBuildConfiguration;
			buildSettings = {
				ALWAYS_EMBED_SWIFT_STANDARD_LIBRARIES = YES;
				ASSETCATALOG_COMPILER_APPICON_NAME = AppIcon;
				ASSETCATALOG_COMPILER_GLOBAL_ACCENT_COLOR_NAME = AccentColor;
				CODE_SIGN_STYLE = Automatic;
				CURRENT_PROJECT_VERSION = 1;
				DEVELOPMENT_ASSET_PATHS = "\"Wp-Statistics/Preview Content\"";
				DEVELOPMENT_TEAM = RDNPK2Q663;
				ENABLE_PREVIEWS = YES;
				GENERATE_INFOPLIST_FILE = YES;
				INFOPLIST_FILE = "Wp-Statistics copy-Info.plist";
				INFOPLIST_KEY_LSApplicationCategoryType = "";
				INFOPLIST_KEY_UIApplicationSceneManifest_Generation = YES;
				INFOPLIST_KEY_UIApplicationSupportsIndirectInputEvents = YES;
				INFOPLIST_KEY_UISupportedInterfaceOrientations = UIInterfaceOrientationPortrait;
				INFOPLIST_KEY_UISupportedInterfaceOrientations_iPad = "UIInterfaceOrientationLandscapeLeft UIInterfaceOrientationLandscapeRight UIInterfaceOrientationPortrait UIInterfaceOrientationPortraitUpsideDown";
				IPHONEOS_DEPLOYMENT_TARGET = 16.0;
				LD_RUNPATH_SEARCH_PATHS = (
					"$(inherited)",
					"@executable_path/Frameworks",
				);
				MARKETING_VERSION = 1.0;
				PRODUCT_BUNDLE_IDENTIFIER = "me.kambiz.Wp-Statistics";
				PRODUCT_NAME = "$(TARGET_NAME)";
				SWIFT_EMIT_LOC_STRINGS = YES;
				SWIFT_VERSION = 5.0;
				TARGETED_DEVICE_FAMILY = "1,2";
			};
			name = Release;
		};
/* End XCBuildConfiguration section */

/* Begin XCConfigurationList section */
		080F13152B63176D0011C72D /* Build configuration list for PBXProject "Wp-Statistics" */ = {
			isa = XCConfigurationList;
			buildConfigurations = (
				080F13262B63176F0011C72D /* Debug */,
				080F13272B63176F0011C72D /* Release */,
			);
			defaultConfigurationIsVisible = 0;
			defaultConfigurationName = Release;
		};
		080F13282B63176F0011C72D /* Build configuration list for PBXNativeTarget "Wp-Statistics" */ = {
			isa = XCConfigurationList;
			buildConfigurations = (
				080F13292B63176F0011C72D /* Debug */,
				080F132A2B63176F0011C72D /* Release */,
			);
			defaultConfigurationIsVisible = 0;
			defaultConfigurationName = Release;
		};
		08ACAE382B65F89700C4FF27 /* Build configuration list for PBXNativeTarget "Wp-Statistics-Dev" */ = {
			isa = XCConfigurationList;
			buildConfigurations = (
				08ACAE392B65F89700C4FF27 /* Debug */,
				08ACAE3A2B65F89700C4FF27 /* Release */,
			);
			defaultConfigurationIsVisible = 0;
			defaultConfigurationName = Release;
		};
/* End XCConfigurationList section */
	};
	rootObject = 080F13122B63176D0011C72D /* Project object */;
}
