// !$*UTF8*$!
{
	archiveVersion = 1;
	classes = {
	};
	objectVersion = 56;
	objects = {

/* Begin PBXBuildFile section */
		08B026622B4CFD0C00C83CAD /* TextFieldModifire.swift in Sources */ = {isa = PBXBuildFile; fileRef = 08B026612B4CFD0C00C83CAD /* TextFieldModifire.swift */; };
		08B026642B4D041700C83CAD /* TitleTextFieldModifire.swift in Sources */ = {isa = PBXBuildFile; fileRef = 08B026632B4D041700C83CAD /* TitleTextFieldModifire.swift */; };
		08B026672B4D071400C83CAD /* CustomTextField in Frameworks */ = {isa = PBXBuildFile; productRef = 08B026662B4D071400C83CAD /* CustomTextField */; };
		08B0266A2B4D07E600C83CAD /* FloatingLabelTextFieldSwiftUI in Frameworks */ = {isa = PBXBuildFile; productRef = 08B026692B4D07E600C83CAD /* FloatingLabelTextFieldSwiftUI */; };
		08C0EED92B4608E2007A231E /* Wp_StatisticsApp.swift in Sources */ = {isa = PBXBuildFile; fileRef = 08C0EED82B4608E2007A231E /* Wp_StatisticsApp.swift */; };
		08C0EEDB2B4608E2007A231E /* WebsiteListView.swift in Sources */ = {isa = PBXBuildFile; fileRef = 08C0EEDA2B4608E2007A231E /* WebsiteListView.swift */; };
		08C0EEDD2B4608E4007A231E /* Assets.xcassets in Resources */ = {isa = PBXBuildFile; fileRef = 08C0EEDC2B4608E4007A231E /* Assets.xcassets */; };
		08C0EEE02B4608E4007A231E /* Preview Assets.xcassets in Resources */ = {isa = PBXBuildFile; fileRef = 08C0EEDF2B4608E4007A231E /* Preview Assets.xcassets */; };
		08C0EEEF2B468410007A231E /* AboutUSView.swift in Sources */ = {isa = PBXBuildFile; fileRef = 08C0EEEE2B468410007A231E /* AboutUSView.swift */; };
		08F26B692B49CCE5006CBA2F /* SplashView.swift in Sources */ = {isa = PBXBuildFile; fileRef = 08F26B682B49CCE5006CBA2F /* SplashView.swift */; };
		08F26B6B2B49CF5A006CBA2F /* ContentView.swift in Sources */ = {isa = PBXBuildFile; fileRef = 08F26B6A2B49CF5A006CBA2F /* ContentView.swift */; };
		08F26B6E2B49D32A006CBA2F /* AddNewWebsite.swift in Sources */ = {isa = PBXBuildFile; fileRef = 08F26B6D2B49D32A006CBA2F /* AddNewWebsite.swift */; };
/* End PBXBuildFile section */

/* Begin PBXFileReference section */
		08B026612B4CFD0C00C83CAD /* TextFieldModifire.swift */ = {isa = PBXFileReference; lastKnownFileType = sourcecode.swift; path = TextFieldModifire.swift; sourceTree = "<group>"; };
		08B026632B4D041700C83CAD /* TitleTextFieldModifire.swift */ = {isa = PBXFileReference; lastKnownFileType = sourcecode.swift; path = TitleTextFieldModifire.swift; sourceTree = "<group>"; };
		08C0EED52B4608E2007A231E /* Wp-Statistics.app */ = {isa = PBXFileReference; explicitFileType = wrapper.application; includeInIndex = 0; path = "Wp-Statistics.app"; sourceTree = BUILT_PRODUCTS_DIR; };
		08C0EED82B4608E2007A231E /* Wp_StatisticsApp.swift */ = {isa = PBXFileReference; lastKnownFileType = sourcecode.swift; path = Wp_StatisticsApp.swift; sourceTree = "<group>"; };
		08C0EEDA2B4608E2007A231E /* WebsiteListView.swift */ = {isa = PBXFileReference; lastKnownFileType = sourcecode.swift; path = WebsiteListView.swift; sourceTree = "<group>"; };
		08C0EEDC2B4608E4007A231E /* Assets.xcassets */ = {isa = PBXFileReference; lastKnownFileType = folder.assetcatalog; path = Assets.xcassets; sourceTree = "<group>"; };
		08C0EEDF2B4608E4007A231E /* Preview Assets.xcassets */ = {isa = PBXFileReference; lastKnownFileType = folder.assetcatalog; path = "Preview Assets.xcassets"; sourceTree = "<group>"; };
		08C0EEEE2B468410007A231E /* AboutUSView.swift */ = {isa = PBXFileReference; lastKnownFileType = sourcecode.swift; path = AboutUSView.swift; sourceTree = "<group>"; };
		08F26B682B49CCE5006CBA2F /* SplashView.swift */ = {isa = PBXFileReference; lastKnownFileType = sourcecode.swift; path = SplashView.swift; sourceTree = "<group>"; };
		08F26B6A2B49CF5A006CBA2F /* ContentView.swift */ = {isa = PBXFileReference; lastKnownFileType = sourcecode.swift; path = ContentView.swift; sourceTree = "<group>"; };
		08F26B6C2B49CFD6006CBA2F /* Info.plist */ = {isa = PBXFileReference; lastKnownFileType = text.plist; path = Info.plist; sourceTree = "<group>"; };
		08F26B6D2B49D32A006CBA2F /* AddNewWebsite.swift */ = {isa = PBXFileReference; lastKnownFileType = sourcecode.swift; path = AddNewWebsite.swift; sourceTree = "<group>"; };
/* End PBXFileReference section */

/* Begin PBXFrameworksBuildPhase section */
		08C0EED22B4608E2007A231E /* Frameworks */ = {
			isa = PBXFrameworksBuildPhase;
			buildActionMask = 2147483647;
			files = (
				08B026672B4D071400C83CAD /* CustomTextField in Frameworks */,
				08B0266A2B4D07E600C83CAD /* FloatingLabelTextFieldSwiftUI in Frameworks */,
			);
			runOnlyForDeploymentPostprocessing = 0;
		};
/* End PBXFrameworksBuildPhase section */

/* Begin PBXGroup section */
		08B026602B4CFCB400C83CAD /* Componensts */ = {
			isa = PBXGroup;
			children = (
				08B026612B4CFD0C00C83CAD /* TextFieldModifire.swift */,
				08B026632B4D041700C83CAD /* TitleTextFieldModifire.swift */,
			);
			path = Componensts;
			sourceTree = "<group>";
		};
		08C0EECC2B4608E2007A231E = {
			isa = PBXGroup;
			children = (
				08C0EED72B4608E2007A231E /* Wp-Statistics */,
				08C0EED62B4608E2007A231E /* Products */,
			);
			sourceTree = "<group>";
		};
		08C0EED62B4608E2007A231E /* Products */ = {
			isa = PBXGroup;
			children = (
				08C0EED52B4608E2007A231E /* Wp-Statistics.app */,
			);
			name = Products;
			sourceTree = "<group>";
		};
		08C0EED72B4608E2007A231E /* Wp-Statistics */ = {
			isa = PBXGroup;
			children = (
				08F26B6C2B49CFD6006CBA2F /* Info.plist */,
				08C0EEF02B468686007A231E /* Root */,
				08C0EEE72B468222007A231E /* Extensions */,
				08C0EEE62B46821F007A231E /* Core */,
				08C0EEDC2B4608E4007A231E /* Assets.xcassets */,
				08C0EEDE2B4608E4007A231E /* Preview Content */,
			);
			path = "Wp-Statistics";
			sourceTree = "<group>";
		};
		08C0EEDE2B4608E4007A231E /* Preview Content */ = {
			isa = PBXGroup;
			children = (
				08C0EEDF2B4608E4007A231E /* Preview Assets.xcassets */,
			);
			path = "Preview Content";
			sourceTree = "<group>";
		};
		08C0EEE62B46821F007A231E /* Core */ = {
			isa = PBXGroup;
			children = (
				08B026602B4CFCB400C83CAD /* Componensts */,
				08F26B672B49CC6A006CBA2F /* Splash */,
				08C0EEEA2B46831E007A231E /* AboutUS */,
				08C0EEE82B4682DD007A231E /* WebsiteList */,
				08C0EEE92B468308007A231E /* NewWebsite */,
				08C0EEED2B4683BC007A231E /* SearchEngines */,
				08C0EEEC2B4683A9007A231E /* Summary */,
				08C0EEEB2B4683A3007A231E /* Visitors */,
			);
			path = Core;
			sourceTree = "<group>";
		};
		08C0EEE72B468222007A231E /* Extensions */ = {
			isa = PBXGroup;
			children = (
			);
			path = Extensions;
			sourceTree = "<group>";
		};
		08C0EEE82B4682DD007A231E /* WebsiteList */ = {
			isa = PBXGroup;
			children = (
				08C0EEDA2B4608E2007A231E /* WebsiteListView.swift */,
			);
			path = WebsiteList;
			sourceTree = "<group>";
		};
		08C0EEE92B468308007A231E /* NewWebsite */ = {
			isa = PBXGroup;
			children = (
				08F26B6D2B49D32A006CBA2F /* AddNewWebsite.swift */,
			);
			path = NewWebsite;
			sourceTree = "<group>";
		};
		08C0EEEA2B46831E007A231E /* AboutUS */ = {
			isa = PBXGroup;
			children = (
				08C0EEEE2B468410007A231E /* AboutUSView.swift */,
			);
			path = AboutUS;
			sourceTree = "<group>";
		};
		08C0EEEB2B4683A3007A231E /* Visitors */ = {
			isa = PBXGroup;
			children = (
			);
			path = Visitors;
			sourceTree = "<group>";
		};
		08C0EEEC2B4683A9007A231E /* Summary */ = {
			isa = PBXGroup;
			children = (
			);
			path = Summary;
			sourceTree = "<group>";
		};
		08C0EEED2B4683BC007A231E /* SearchEngines */ = {
			isa = PBXGroup;
			children = (
			);
			path = SearchEngines;
			sourceTree = "<group>";
		};
		08C0EEF02B468686007A231E /* Root */ = {
			isa = PBXGroup;
			children = (
				08C0EED82B4608E2007A231E /* Wp_StatisticsApp.swift */,
				08F26B6A2B49CF5A006CBA2F /* ContentView.swift */,
			);
			path = Root;
			sourceTree = "<group>";
		};
		08F26B672B49CC6A006CBA2F /* Splash */ = {
			isa = PBXGroup;
			children = (
				08F26B682B49CCE5006CBA2F /* SplashView.swift */,
			);
			path = Splash;
			sourceTree = "<group>";
		};
/* End PBXGroup section */

/* Begin PBXNativeTarget section */
		08C0EED42B4608E2007A231E /* Wp-Statistics */ = {
			isa = PBXNativeTarget;
			buildConfigurationList = 08C0EEE32B4608E4007A231E /* Build configuration list for PBXNativeTarget "Wp-Statistics" */;
			buildPhases = (
				08C0EED12B4608E2007A231E /* Sources */,
				08C0EED22B4608E2007A231E /* Frameworks */,
				08C0EED32B4608E2007A231E /* Resources */,
			);
			buildRules = (
			);
			dependencies = (
			);
			name = "Wp-Statistics";
			packageProductDependencies = (
				08B026662B4D071400C83CAD /* CustomTextField */,
				08B026692B4D07E600C83CAD /* FloatingLabelTextFieldSwiftUI */,
			);
			productName = "Wp-Statistics";
			productReference = 08C0EED52B4608E2007A231E /* Wp-Statistics.app */;
			productType = "com.apple.product-type.application";
		};
/* End PBXNativeTarget section */

/* Begin PBXProject section */
		08C0EECD2B4608E2007A231E /* Project object */ = {
			isa = PBXProject;
			attributes = {
				BuildIndependentTargetsInParallel = 1;
				LastSwiftUpdateCheck = 1510;
				LastUpgradeCheck = 1510;
				TargetAttributes = {
					08C0EED42B4608E2007A231E = {
						CreatedOnToolsVersion = 15.1;
					};
				};
			};
			buildConfigurationList = 08C0EED02B4608E2007A231E /* Build configuration list for PBXProject "Wp-Statistics" */;
			compatibilityVersion = "Xcode 14.0";
			developmentRegion = en;
			hasScannedForEncodings = 0;
			knownRegions = (
				en,
				Base,
			);
			mainGroup = 08C0EECC2B4608E2007A231E;
			packageReferences = (
				08B026652B4D071400C83CAD /* XCRemoteSwiftPackageReference "SwiftUI-Custom-TextField" */,
				08B026682B4D07E600C83CAD /* XCRemoteSwiftPackageReference "FloatingLabelTextFieldSwiftUI" */,
			);
			productRefGroup = 08C0EED62B4608E2007A231E /* Products */;
			projectDirPath = "";
			projectRoot = "";
			targets = (
				08C0EED42B4608E2007A231E /* Wp-Statistics */,
			);
		};
/* End PBXProject section */

/* Begin PBXResourcesBuildPhase section */
		08C0EED32B4608E2007A231E /* Resources */ = {
			isa = PBXResourcesBuildPhase;
			buildActionMask = 2147483647;
			files = (
				08C0EEE02B4608E4007A231E /* Preview Assets.xcassets in Resources */,
				08C0EEDD2B4608E4007A231E /* Assets.xcassets in Resources */,
			);
			runOnlyForDeploymentPostprocessing = 0;
		};
/* End PBXResourcesBuildPhase section */

/* Begin PBXSourcesBuildPhase section */
		08C0EED12B4608E2007A231E /* Sources */ = {
			isa = PBXSourcesBuildPhase;
			buildActionMask = 2147483647;
			files = (
				08F26B6E2B49D32A006CBA2F /* AddNewWebsite.swift in Sources */,
				08B026642B4D041700C83CAD /* TitleTextFieldModifire.swift in Sources */,
				08C0EEDB2B4608E2007A231E /* WebsiteListView.swift in Sources */,
				08B026622B4CFD0C00C83CAD /* TextFieldModifire.swift in Sources */,
				08F26B6B2B49CF5A006CBA2F /* ContentView.swift in Sources */,
				08F26B692B49CCE5006CBA2F /* SplashView.swift in Sources */,
				08C0EEEF2B468410007A231E /* AboutUSView.swift in Sources */,
				08C0EED92B4608E2007A231E /* Wp_StatisticsApp.swift in Sources */,
			);
			runOnlyForDeploymentPostprocessing = 0;
		};
/* End PBXSourcesBuildPhase section */

/* Begin XCBuildConfiguration section */
		08C0EEE12B4608E4007A231E /* Debug */ = {
			isa = XCBuildConfiguration;
			buildSettings = {
				ALWAYS_SEARCH_USER_PATHS = NO;
				ASSETCATALOG_COMPILER_GENERATE_SWIFT_ASSET_SYMBOL_EXTENSIONS = YES;
				CLANG_ANALYZER_NONNULL = YES;
				CLANG_ANALYZER_NUMBER_OBJECT_CONVERSION = YES_AGGRESSIVE;
				CLANG_CXX_LANGUAGE_STANDARD = "gnu++20";
				CLANG_ENABLE_MODULES = YES;
				CLANG_ENABLE_OBJC_ARC = YES;
				CLANG_ENABLE_OBJC_WEAK = YES;
				CLANG_WARN_BLOCK_CAPTURE_AUTORELEASING = YES;
				CLANG_WARN_BOOL_CONVERSION = YES;
				CLANG_WARN_COMMA = YES;
				CLANG_WARN_CONSTANT_CONVERSION = YES;
				CLANG_WARN_DEPRECATED_OBJC_IMPLEMENTATIONS = YES;
				CLANG_WARN_DIRECT_OBJC_ISA_USAGE = YES_ERROR;
				CLANG_WARN_DOCUMENTATION_COMMENTS = YES;
				CLANG_WARN_EMPTY_BODY = YES;
				CLANG_WARN_ENUM_CONVERSION = YES;
				CLANG_WARN_INFINITE_RECURSION = YES;
				CLANG_WARN_INT_CONVERSION = YES;
				CLANG_WARN_NON_LITERAL_NULL_CONVERSION = YES;
				CLANG_WARN_OBJC_IMPLICIT_RETAIN_SELF = YES;
				CLANG_WARN_OBJC_LITERAL_CONVERSION = YES;
				CLANG_WARN_OBJC_ROOT_CLASS = YES_ERROR;
				CLANG_WARN_QUOTED_INCLUDE_IN_FRAMEWORK_HEADER = YES;
				CLANG_WARN_RANGE_LOOP_ANALYSIS = YES;
				CLANG_WARN_STRICT_PROTOTYPES = YES;
				CLANG_WARN_SUSPICIOUS_MOVE = YES;
				CLANG_WARN_UNGUARDED_AVAILABILITY = YES_AGGRESSIVE;
				CLANG_WARN_UNREACHABLE_CODE = YES;
				CLANG_WARN__DUPLICATE_METHOD_MATCH = YES;
				COPY_PHASE_STRIP = NO;
				DEBUG_INFORMATION_FORMAT = dwarf;
				ENABLE_STRICT_OBJC_MSGSEND = YES;
				ENABLE_TESTABILITY = YES;
				ENABLE_USER_SCRIPT_SANDBOXING = YES;
				GCC_C_LANGUAGE_STANDARD = gnu17;
				GCC_DYNAMIC_NO_PIC = NO;
				GCC_NO_COMMON_BLOCKS = YES;
				GCC_OPTIMIZATION_LEVEL = 0;
				GCC_PREPROCESSOR_DEFINITIONS = (
					"DEBUG=1",
					"$(inherited)",
				);
				GCC_WARN_64_TO_32_BIT_CONVERSION = YES;
				GCC_WARN_ABOUT_RETURN_TYPE = YES_ERROR;
				GCC_WARN_UNDECLARED_SELECTOR = YES;
				GCC_WARN_UNINITIALIZED_AUTOS = YES_AGGRESSIVE;
				GCC_WARN_UNUSED_FUNCTION = YES;
				GCC_WARN_UNUSED_VARIABLE = YES;
				IPHONEOS_DEPLOYMENT_TARGET = 17.2;
				LOCALIZATION_PREFERS_STRING_CATALOGS = YES;
				MTL_ENABLE_DEBUG_INFO = INCLUDE_SOURCE;
				MTL_FAST_MATH = YES;
				ONLY_ACTIVE_ARCH = YES;
				SDKROOT = iphoneos;
				SWIFT_ACTIVE_COMPILATION_CONDITIONS = "DEBUG $(inherited)";
				SWIFT_OPTIMIZATION_LEVEL = "-Onone";
			};
			name = Debug;
		};
		08C0EEE22B4608E4007A231E /* Release */ = {
			isa = XCBuildConfiguration;
			buildSettings = {
				ALWAYS_SEARCH_USER_PATHS = NO;
				ASSETCATALOG_COMPILER_GENERATE_SWIFT_ASSET_SYMBOL_EXTENSIONS = YES;
				CLANG_ANALYZER_NONNULL = YES;
				CLANG_ANALYZER_NUMBER_OBJECT_CONVERSION = YES_AGGRESSIVE;
				CLANG_CXX_LANGUAGE_STANDARD = "gnu++20";
				CLANG_ENABLE_MODULES = YES;
				CLANG_ENABLE_OBJC_ARC = YES;
				CLANG_ENABLE_OBJC_WEAK = YES;
				CLANG_WARN_BLOCK_CAPTURE_AUTORELEASING = YES;
				CLANG_WARN_BOOL_CONVERSION = YES;
				CLANG_WARN_COMMA = YES;
				CLANG_WARN_CONSTANT_CONVERSION = YES;
				CLANG_WARN_DEPRECATED_OBJC_IMPLEMENTATIONS = YES;
				CLANG_WARN_DIRECT_OBJC_ISA_USAGE = YES_ERROR;
				CLANG_WARN_DOCUMENTATION_COMMENTS = YES;
				CLANG_WARN_EMPTY_BODY = YES;
				CLANG_WARN_ENUM_CONVERSION = YES;
				CLANG_WARN_INFINITE_RECURSION = YES;
				CLANG_WARN_INT_CONVERSION = YES;
				CLANG_WARN_NON_LITERAL_NULL_CONVERSION = YES;
				CLANG_WARN_OBJC_IMPLICIT_RETAIN_SELF = YES;
				CLANG_WARN_OBJC_LITERAL_CONVERSION = YES;
				CLANG_WARN_OBJC_ROOT_CLASS = YES_ERROR;
				CLANG_WARN_QUOTED_INCLUDE_IN_FRAMEWORK_HEADER = YES;
				CLANG_WARN_RANGE_LOOP_ANALYSIS = YES;
				CLANG_WARN_STRICT_PROTOTYPES = YES;
				CLANG_WARN_SUSPICIOUS_MOVE = YES;
				CLANG_WARN_UNGUARDED_AVAILABILITY = YES_AGGRESSIVE;
				CLANG_WARN_UNREACHABLE_CODE = YES;
				CLANG_WARN__DUPLICATE_METHOD_MATCH = YES;
				COPY_PHASE_STRIP = NO;
				DEBUG_INFORMATION_FORMAT = "dwarf-with-dsym";
				ENABLE_NS_ASSERTIONS = NO;
				ENABLE_STRICT_OBJC_MSGSEND = YES;
				ENABLE_USER_SCRIPT_SANDBOXING = YES;
				GCC_C_LANGUAGE_STANDARD = gnu17;
				GCC_NO_COMMON_BLOCKS = YES;
				GCC_WARN_64_TO_32_BIT_CONVERSION = YES;
				GCC_WARN_ABOUT_RETURN_TYPE = YES_ERROR;
				GCC_WARN_UNDECLARED_SELECTOR = YES;
				GCC_WARN_UNINITIALIZED_AUTOS = YES_AGGRESSIVE;
				GCC_WARN_UNUSED_FUNCTION = YES;
				GCC_WARN_UNUSED_VARIABLE = YES;
				IPHONEOS_DEPLOYMENT_TARGET = 17.2;
				LOCALIZATION_PREFERS_STRING_CATALOGS = YES;
				MTL_ENABLE_DEBUG_INFO = NO;
				MTL_FAST_MATH = YES;
				SDKROOT = iphoneos;
				SWIFT_COMPILATION_MODE = wholemodule;
				VALIDATE_PRODUCT = YES;
			};
			name = Release;
		};
		08C0EEE42B4608E4007A231E /* Debug */ = {
			isa = XCBuildConfiguration;
			buildSettings = {
				ASSETCATALOG_COMPILER_APPICON_NAME = AppIcon;
				ASSETCATALOG_COMPILER_GLOBAL_ACCENT_COLOR_NAME = AccentColor;
				CODE_SIGN_STYLE = Automatic;
				CURRENT_PROJECT_VERSION = 1;
				DEVELOPMENT_ASSET_PATHS = "\"Wp-Statistics/Preview Content\"";
				DEVELOPMENT_TEAM = RDNPK2Q663;
				ENABLE_PREVIEWS = YES;
				GENERATE_INFOPLIST_FILE = YES;
				INFOPLIST_FILE = "Wp-Statistics/Info.plist";
				INFOPLIST_KEY_UIApplicationSceneManifest_Generation = YES;
				INFOPLIST_KEY_UIApplicationSupportsIndirectInputEvents = YES;
				INFOPLIST_KEY_UISupportedInterfaceOrientations_iPad = "UIInterfaceOrientationPortrait UIInterfaceOrientationPortraitUpsideDown UIInterfaceOrientationLandscapeLeft UIInterfaceOrientationLandscapeRight";
				INFOPLIST_KEY_UISupportedInterfaceOrientations_iPhone = "UIInterfaceOrientationPortrait UIInterfaceOrientationLandscapeLeft UIInterfaceOrientationLandscapeRight";
				IPHONEOS_DEPLOYMENT_TARGET = 17.0;
				LD_RUNPATH_SEARCH_PATHS = (
					"$(inherited)",
					"@executable_path/Frameworks",
				);
				MARKETING_VERSION = 1.0;
				PRODUCT_BUNDLE_IDENTIFIER = "me.kambiz.Wp-Statistics";
				PRODUCT_NAME = "$(TARGET_NAME)";
				SWIFT_EMIT_LOC_STRINGS = YES;
				SWIFT_VERSION = 5.0;
				TARGETED_DEVICE_FAMILY = "1,2";
			};
			name = Debug;
		};
		08C0EEE52B4608E4007A231E /* Release */ = {
			isa = XCBuildConfiguration;
			buildSettings = {
				ASSETCATALOG_COMPILER_APPICON_NAME = AppIcon;
				ASSETCATALOG_COMPILER_GLOBAL_ACCENT_COLOR_NAME = AccentColor;
				CODE_SIGN_STYLE = Automatic;
				CURRENT_PROJECT_VERSION = 1;
				DEVELOPMENT_ASSET_PATHS = "\"Wp-Statistics/Preview Content\"";
				DEVELOPMENT_TEAM = RDNPK2Q663;
				ENABLE_PREVIEWS = YES;
				GENERATE_INFOPLIST_FILE = YES;
				INFOPLIST_FILE = "Wp-Statistics/Info.plist";
				INFOPLIST_KEY_UIApplicationSceneManifest_Generation = YES;
				INFOPLIST_KEY_UIApplicationSupportsIndirectInputEvents = YES;
				INFOPLIST_KEY_UISupportedInterfaceOrientations_iPad = "UIInterfaceOrientationPortrait UIInterfaceOrientationPortraitUpsideDown UIInterfaceOrientationLandscapeLeft UIInterfaceOrientationLandscapeRight";
				INFOPLIST_KEY_UISupportedInterfaceOrientations_iPhone = "UIInterfaceOrientationPortrait UIInterfaceOrientationLandscapeLeft UIInterfaceOrientationLandscapeRight";
				IPHONEOS_DEPLOYMENT_TARGET = 17.0;
				LD_RUNPATH_SEARCH_PATHS = (
					"$(inherited)",
					"@executable_path/Frameworks",
				);
				MARKETING_VERSION = 1.0;
				PRODUCT_BUNDLE_IDENTIFIER = "me.kambiz.Wp-Statistics";
				PRODUCT_NAME = "$(TARGET_NAME)";
				SWIFT_EMIT_LOC_STRINGS = YES;
				SWIFT_VERSION = 5.0;
				TARGETED_DEVICE_FAMILY = "1,2";
			};
			name = Release;
		};
/* End XCBuildConfiguration section */

/* Begin XCConfigurationList section */
		08C0EED02B4608E2007A231E /* Build configuration list for PBXProject "Wp-Statistics" */ = {
			isa = XCConfigurationList;
			buildConfigurations = (
				08C0EEE12B4608E4007A231E /* Debug */,
				08C0EEE22B4608E4007A231E /* Release */,
			);
			defaultConfigurationIsVisible = 0;
			defaultConfigurationName = Release;
		};
		08C0EEE32B4608E4007A231E /* Build configuration list for PBXNativeTarget "Wp-Statistics" */ = {
			isa = XCConfigurationList;
			buildConfigurations = (
				08C0EEE42B4608E4007A231E /* Debug */,
				08C0EEE52B4608E4007A231E /* Release */,
			);
			defaultConfigurationIsVisible = 0;
			defaultConfigurationName = Release;
		};
/* End XCConfigurationList section */

/* Begin XCRemoteSwiftPackageReference section */
		08B026652B4D071400C83CAD /* XCRemoteSwiftPackageReference "SwiftUI-Custom-TextField" */ = {
			isa = XCRemoteSwiftPackageReference;
			repositoryURL = "https://github.com/esatgozcu/SwiftUI-Custom-TextField";
			requirement = {
				branch = main;
				kind = branch;
			};
		};
		08B026682B4D07E600C83CAD /* XCRemoteSwiftPackageReference "FloatingLabelTextFieldSwiftUI" */ = {
			isa = XCRemoteSwiftPackageReference;
			repositoryURL = "https://github.com/kishanraja/FloatingLabelTextFieldSwiftUI.git";
			requirement = {
				kind = upToNextMajorVersion;
				minimumVersion = 5.0.0;
			};
		};
/* End XCRemoteSwiftPackageReference section */

/* Begin XCSwiftPackageProductDependency section */
		08B026662B4D071400C83CAD /* CustomTextField */ = {
			isa = XCSwiftPackageProductDependency;
			package = 08B026652B4D071400C83CAD /* XCRemoteSwiftPackageReference "SwiftUI-Custom-TextField" */;
			productName = CustomTextField;
		};
		08B026692B4D07E600C83CAD /* FloatingLabelTextFieldSwiftUI */ = {
			isa = XCSwiftPackageProductDependency;
			package = 08B026682B4D07E600C83CAD /* XCRemoteSwiftPackageReference "FloatingLabelTextFieldSwiftUI" */;
			productName = FloatingLabelTextFieldSwiftUI;
		};
/* End XCSwiftPackageProductDependency section */
	};
	rootObject = 08C0EECD2B4608E2007A231E /* Project object */;
}
